// !$*UTF8*$!
{
	archiveVersion = 1;
	classes = {
	};
	objectVersion = 46;
	objects = {

/* Begin PBXBuildFile section */
		4E5789D51E57862A0068C751 /* Bean_iOS_OSX_SDK.framework in Frameworks */ = {isa = PBXBuildFile; fileRef = 4E5789D31E57838B0068C751 /* Bean_iOS_OSX_SDK.framework */; };
		4E5789EE1E5B36810068C751 /* bean.png in Resources */ = {isa = PBXBuildFile; fileRef = 4E5789EC1E5B36810068C751 /* bean.png */; };
		4E5789EF1E5B36810068C751 /* iphone.png in Resources */ = {isa = PBXBuildFile; fileRef = 4E5789ED1E5B36810068C751 /* iphone.png */; };
		4E5789F21E5B374D0068C751 /* JoyStickViewController.m in Sources */ = {isa = PBXBuildFile; fileRef = 4E5789F11E5B374D0068C751 /* JoyStickViewController.m */; };
		4E7AF00B1E5781BD001BAEC9 /* main.m in Sources */ = {isa = PBXBuildFile; fileRef = 4E7AF00A1E5781BD001BAEC9 /* main.m */; };
		4E7AF00E1E5781BD001BAEC9 /* AppDelegate.m in Sources */ = {isa = PBXBuildFile; fileRef = 4E7AF00D1E5781BD001BAEC9 /* AppDelegate.m */; };
		4E7AF0111E5781BD001BAEC9 /* ViewController.m in Sources */ = {isa = PBXBuildFile; fileRef = 4E7AF0101E5781BD001BAEC9 /* ViewController.m */; };
		4E7AF0141E5781BD001BAEC9 /* Main.storyboard in Resources */ = {isa = PBXBuildFile; fileRef = 4E7AF0121E5781BD001BAEC9 /* Main.storyboard */; };
		4E7AF0161E5781BD001BAEC9 /* Assets.xcassets in Resources */ = {isa = PBXBuildFile; fileRef = 4E7AF0151E5781BD001BAEC9 /* Assets.xcassets */; };
		4E7AF0191E5781BD001BAEC9 /* LaunchScreen.storyboard in Resources */ = {isa = PBXBuildFile; fileRef = 4E7AF0171E5781BD001BAEC9 /* LaunchScreen.storyboard */; };
		4FD9D1C05B8D485CC676C15F /* Pods_RC_Van.framework in Frameworks */ = {isa = PBXBuildFile; fileRef = BCAF1F00DE558D2CEC79B487 /* Pods_RC_Van.framework */; };
/* End PBXBuildFile section */

/* Begin PBXFileReference section */
		4E5789D31E57838B0068C751 /* Bean_iOS_OSX_SDK.framework */ = {isa = PBXFileReference; lastKnownFileType = wrapper.framework; name = Bean_iOS_OSX_SDK.framework; path = "../../../Library/Developer/Xcode/DerivedData/RC_Van-eshghnzxysykyzcblcvdcxofhngo/Build/Products/Debug-iphoneos/Bean-iOS-OSX-SDK/Bean_iOS_OSX_SDK.framework"; sourceTree = "<group>"; };
		4E5789EC1E5B36810068C751 /* bean.png */ = {isa = PBXFileReference; lastKnownFileType = image.png; path = bean.png; sourceTree = SOURCE_ROOT; };
		4E5789ED1E5B36810068C751 /* iphone.png */ = {isa = PBXFileReference; lastKnownFileType = image.png; path = iphone.png; sourceTree = SOURCE_ROOT; };
		4E5789F01E5B374D0068C751 /* JoyStickViewController.h */ = {isa = PBXFileReference; fileEncoding = 4; lastKnownFileType = sourcecode.c.h; path = JoyStickViewController.h; sourceTree = "<group>"; };
		4E5789F11E5B374D0068C751 /* JoyStickViewController.m */ = {isa = PBXFileReference; fileEncoding = 4; lastKnownFileType = sourcecode.c.objc; path = JoyStickViewController.m; sourceTree = "<group>"; };
		4E7AF0061E5781BD001BAEC9 /* RC Van.app */ = {isa = PBXFileReference; explicitFileType = wrapper.application; includeInIndex = 0; path = "RC Van.app"; sourceTree = BUILT_PRODUCTS_DIR; };
		4E7AF00A1E5781BD001BAEC9 /* main.m */ = {isa = PBXFileReference; lastKnownFileType = sourcecode.c.objc; path = main.m; sourceTree = "<group>"; };
		4E7AF00C1E5781BD001BAEC9 /* AppDelegate.h */ = {isa = PBXFileReference; lastKnownFileType = sourcecode.c.h; path = AppDelegate.h; sourceTree = "<group>"; };
		4E7AF00D1E5781BD001BAEC9 /* AppDelegate.m */ = {isa = PBXFileReference; lastKnownFileType = sourcecode.c.objc; path = AppDelegate.m; sourceTree = "<group>"; };
		4E7AF00F1E5781BD001BAEC9 /* ViewController.h */ = {isa = PBXFileReference; lastKnownFileType = sourcecode.c.h; path = ViewController.h; sourceTree = "<group>"; };
		4E7AF0101E5781BD001BAEC9 /* ViewController.m */ = {isa = PBXFileReference; lastKnownFileType = sourcecode.c.objc; path = ViewController.m; sourceTree = "<group>"; };
		4E7AF0131E5781BD001BAEC9 /* Base */ = {isa = PBXFileReference; lastKnownFileType = file.storyboard; name = Base; path = Base.lproj/Main.storyboard; sourceTree = "<group>"; };
		4E7AF0151E5781BD001BAEC9 /* Assets.xcassets */ = {isa = PBXFileReference; lastKnownFileType = folder.assetcatalog; path = Assets.xcassets; sourceTree = "<group>"; };
		4E7AF0181E5781BD001BAEC9 /* Base */ = {isa = PBXFileReference; lastKnownFileType = file.storyboard; name = Base; path = Base.lproj/LaunchScreen.storyboard; sourceTree = "<group>"; };
		4E7AF01A1E5781BD001BAEC9 /* Info.plist */ = {isa = PBXFileReference; lastKnownFileType = text.plist.xml; path = Info.plist; sourceTree = "<group>"; };
		94EE8C6F138236C6838C4FB8 /* Pods-RC Van.debug.xcconfig */ = {isa = PBXFileReference; includeInIndex = 1; lastKnownFileType = text.xcconfig; name = "Pods-RC Van.debug.xcconfig"; path = "Pods/Target Support Files/Pods-RC Van/Pods-RC Van.debug.xcconfig"; sourceTree = "<group>"; };
		BCAF1F00DE558D2CEC79B487 /* Pods_RC_Van.framework */ = {isa = PBXFileReference; explicitFileType = wrapper.framework; includeInIndex = 0; path = Pods_RC_Van.framework; sourceTree = BUILT_PRODUCTS_DIR; };
		F4897D8197A2775F9E17593A /* Pods-RC Van.release.xcconfig */ = {isa = PBXFileReference; includeInIndex = 1; lastKnownFileType = text.xcconfig; name = "Pods-RC Van.release.xcconfig"; path = "Pods/Target Support Files/Pods-RC Van/Pods-RC Van.release.xcconfig"; sourceTree = "<group>"; };
/* End PBXFileReference section */

/* Begin PBXFrameworksBuildPhase section */
		4E7AF0031E5781BD001BAEC9 /* Frameworks */ = {
			isa = PBXFrameworksBuildPhase;
			buildActionMask = 2147483647;
			files = (
				4E5789D51E57862A0068C751 /* Bean_iOS_OSX_SDK.framework in Frameworks */,
				4FD9D1C05B8D485CC676C15F /* Pods_RC_Van.framework in Frameworks */,
			);
			runOnlyForDeploymentPostprocessing = 0;
		};
/* End PBXFrameworksBuildPhase section */

/* Begin PBXGroup section */
		070F0CB0691A0FF517574355 /* Frameworks */ = {
			isa = PBXGroup;
			children = (
				4E5789D31E57838B0068C751 /* Bean_iOS_OSX_SDK.framework */,
				BCAF1F00DE558D2CEC79B487 /* Pods_RC_Van.framework */,
			);
			name = Frameworks;
			sourceTree = "<group>";
		};
		0744409038C893CF3D70062E /* Pods */ = {
			isa = PBXGroup;
			children = (
				94EE8C6F138236C6838C4FB8 /* Pods-RC Van.debug.xcconfig */,
				F4897D8197A2775F9E17593A /* Pods-RC Van.release.xcconfig */,
			);
			name = Pods;
			sourceTree = "<group>";
		};
		4E7AEFFD1E5781BD001BAEC9 = {
			isa = PBXGroup;
			children = (
				4E7AF0081E5781BD001BAEC9 /* RC Van */,
				4E7AF0071E5781BD001BAEC9 /* Products */,
				0744409038C893CF3D70062E /* Pods */,
				070F0CB0691A0FF517574355 /* Frameworks */,
			);
			sourceTree = "<group>";
		};
		4E7AF0071E5781BD001BAEC9 /* Products */ = {
			isa = PBXGroup;
			children = (
				4E7AF0061E5781BD001BAEC9 /* RC Van.app */,
			);
			name = Products;
			sourceTree = "<group>";
		};
		4E7AF0081E5781BD001BAEC9 /* RC Van */ = {
			isa = PBXGroup;
			children = (
				4E5789EC1E5B36810068C751 /* bean.png */,
				4E5789ED1E5B36810068C751 /* iphone.png */,
				4E7AF00C1E5781BD001BAEC9 /* AppDelegate.h */,
				4E7AF00D1E5781BD001BAEC9 /* AppDelegate.m */,
				4E7AF00F1E5781BD001BAEC9 /* ViewController.h */,
				4E7AF0101E5781BD001BAEC9 /* ViewController.m */,
				4E5789F01E5B374D0068C751 /* JoyStickViewController.h */,
				4E5789F11E5B374D0068C751 /* JoyStickViewController.m */,
				4E7AF0121E5781BD001BAEC9 /* Main.storyboard */,
				4E7AF0151E5781BD001BAEC9 /* Assets.xcassets */,
				4E7AF0171E5781BD001BAEC9 /* LaunchScreen.storyboard */,
				4E7AF01A1E5781BD001BAEC9 /* Info.plist */,
				4E7AF0091E5781BD001BAEC9 /* Supporting Files */,
			);
			path = "RC Van";
			sourceTree = "<group>";
		};
		4E7AF0091E5781BD001BAEC9 /* Supporting Files */ = {
			isa = PBXGroup;
			children = (
				4E7AF00A1E5781BD001BAEC9 /* main.m */,
			);
			name = "Supporting Files";
			sourceTree = "<group>";
		};
/* End PBXGroup section */

/* Begin PBXNativeTarget section */
		4E7AF0051E5781BD001BAEC9 /* RC Van */ = {
			isa = PBXNativeTarget;
			buildConfigurationList = 4E7AF01D1E5781BD001BAEC9 /* Build configuration list for PBXNativeTarget "RC Van" */;
			buildPhases = (
				ABFEB1CCB56323930928F14B /* [CP] Check Pods Manifest.lock */,
				4E7AF0021E5781BD001BAEC9 /* Sources */,
				4E7AF0031E5781BD001BAEC9 /* Frameworks */,
				4E7AF0041E5781BD001BAEC9 /* Resources */,
				7A21EFD37BA12CF425B358E0 /* [CP] Embed Pods Frameworks */,
				9121A305CE3A23C9A1BFADEE /* [CP] Copy Pods Resources */,
			);
			buildRules = (
			);
			dependencies = (
			);
			name = "RC Van";
			productName = "RC Van";
			productReference = 4E7AF0061E5781BD001BAEC9 /* RC Van.app */;
			productType = "com.apple.product-type.application";
		};
/* End PBXNativeTarget section */

/* Begin PBXProject section */
		4E7AEFFE1E5781BD001BAEC9 /* Project object */ = {
			isa = PBXProject;
			attributes = {
				LastUpgradeCheck = 0820;
				ORGANIZATIONNAME = "Cristiano Tenuta";
				TargetAttributes = {
					4E7AF0051E5781BD001BAEC9 = {
						CreatedOnToolsVersion = 8.2.1;
						DevelopmentTeam = B782JQ8NSA;
						ProvisioningStyle = Automatic;
					};
				};
			};
			buildConfigurationList = 4E7AF0011E5781BD001BAEC9 /* Build configuration list for PBXProject "RC Van" */;
			compatibilityVersion = "Xcode 3.2";
			developmentRegion = English;
			hasScannedForEncodings = 0;
			knownRegions = (
				en,
				Base,
			);
			mainGroup = 4E7AEFFD1E5781BD001BAEC9;
			productRefGroup = 4E7AF0071E5781BD001BAEC9 /* Products */;
			projectDirPath = "";
			projectRoot = "";
			targets = (
				4E7AF0051E5781BD001BAEC9 /* RC Van */,
			);
		};
/* End PBXProject section */

/* Begin PBXResourcesBuildPhase section */
		4E7AF0041E5781BD001BAEC9 /* Resources */ = {
			isa = PBXResourcesBuildPhase;
			buildActionMask = 2147483647;
			files = (
				4E7AF0191E5781BD001BAEC9 /* LaunchScreen.storyboard in Resources */,
				4E5789EE1E5B36810068C751 /* bean.png in Resources */,
				4E5789EF1E5B36810068C751 /* iphone.png in Resources */,
				4E7AF0161E5781BD001BAEC9 /* Assets.xcassets in Resources */,
				4E7AF0141E5781BD001BAEC9 /* Main.storyboard in Resources */,
			);
			runOnlyForDeploymentPostprocessing = 0;
		};
/* End PBXResourcesBuildPhase section */

/* Begin PBXShellScriptBuildPhase section */
		7A21EFD37BA12CF425B358E0 /* [CP] Embed Pods Frameworks */ = {
			isa = PBXShellScriptBuildPhase;
			buildActionMask = 2147483647;
			files = (
			);
			inputPaths = (
			);
			name = "[CP] Embed Pods Frameworks";
			outputPaths = (
			);
			runOnlyForDeploymentPostprocessing = 0;
			shellPath = /bin/sh;
			shellScript = "\"${SRCROOT}/Pods/Target Support Files/Pods-RC Van/Pods-RC Van-frameworks.sh\"\n";
			showEnvVarsInLog = 0;
		};
		9121A305CE3A23C9A1BFADEE /* [CP] Copy Pods Resources */ = {
			isa = PBXShellScriptBuildPhase;
			buildActionMask = 2147483647;
			files = (
			);
			inputPaths = (
			);
			name = "[CP] Copy Pods Resources";
			outputPaths = (
			);
			runOnlyForDeploymentPostprocessing = 0;
			shellPath = /bin/sh;
			shellScript = "\"${SRCROOT}/Pods/Target Support Files/Pods-RC Van/Pods-RC Van-resources.sh\"\n";
			showEnvVarsInLog = 0;
		};
		ABFEB1CCB56323930928F14B /* [CP] Check Pods Manifest.lock */ = {
			isa = PBXShellScriptBuildPhase;
			buildActionMask = 2147483647;
			files = (
			);
			inputPaths = (
			);
			name = "[CP] Check Pods Manifest.lock";
			outputPaths = (
			);
			runOnlyForDeploymentPostprocessing = 0;
			shellPath = /bin/sh;
			shellScript = "diff \"${PODS_ROOT}/../Podfile.lock\" \"${PODS_ROOT}/Manifest.lock\" > /dev/null\nif [ $? != 0 ] ; then\n    # print error to STDERR\n    echo \"error: The sandbox is not in sync with the Podfile.lock. Run 'pod install' or update your CocoaPods installation.\" >&2\n    exit 1\nfi\n";
			showEnvVarsInLog = 0;
		};
/* End PBXShellScriptBuildPhase section */

/* Begin PBXSourcesBuildPhase section */
		4E7AF0021E5781BD001BAEC9 /* Sources */ = {
			isa = PBXSourcesBuildPhase;
			buildActionMask = 2147483647;
			files = (
				4E7AF0111E5781BD001BAEC9 /* ViewController.m in Sources */,
				4E7AF00E1E5781BD001BAEC9 /* AppDelegate.m in Sources */,
				4E5789F21E5B374D0068C751 /* JoyStickViewController.m in Sources */,
				4E7AF00B1E5781BD001BAEC9 /* main.m in Sources */,
			);
			runOnlyForDeploymentPostprocessing = 0;
		};
/* End PBXSourcesBuildPhase section */

/* Begin PBXVariantGroup section */
		4E7AF0121E5781BD001BAEC9 /* Main.storyboard */ = {
			isa = PBXVariantGroup;
			children = (
				4E7AF0131E5781BD001BAEC9 /* Base */,
			);
			name = Main.storyboard;
			sourceTree = "<group>";
		};
		4E7AF0171E5781BD001BAEC9 /* LaunchScreen.storyboard */ = {
			isa = PBXVariantGroup;
			children = (
				4E7AF0181E5781BD001BAEC9 /* Base */,
			);
			name = LaunchScreen.storyboard;
			sourceTree = "<group>";
		};
/* End PBXVariantGroup section */

/* Begin XCBuildConfiguration section */
		4E7AF01B1E5781BD001BAEC9 /* Debug */ = {
			isa = XCBuildConfiguration;
			buildSettings = {
				ALWAYS_SEARCH_USER_PATHS = NO;
				CLANG_ANALYZER_NONNULL = YES;
				CLANG_CXX_LANGUAGE_STANDARD = "gnu++0x";
				CLANG_CXX_LIBRARY = "libc++";
				CLANG_ENABLE_MODULES = YES;
				CLANG_ENABLE_OBJC_ARC = YES;
				CLANG_WARN_BOOL_CONVERSION = YES;
				CLANG_WARN_CONSTANT_CONVERSION = YES;
				CLANG_WARN_DIRECT_OBJC_ISA_USAGE = YES_ERROR;
				CLANG_WARN_DOCUMENTATION_COMMENTS = YES;
				CLANG_WARN_EMPTY_BODY = YES;
				CLANG_WARN_ENUM_CONVERSION = YES;
				CLANG_WARN_INFINITE_RECURSION = YES;
				CLANG_WARN_INT_CONVERSION = YES;
				CLANG_WARN_OBJC_ROOT_CLASS = YES_ERROR;
				CLANG_WARN_SUSPICIOUS_MOVE = YES;
				CLANG_WARN_UNREACHABLE_CODE = YES;
				CLANG_WARN__DUPLICATE_METHOD_MATCH = YES;
				"CODE_SIGN_IDENTITY[sdk=iphoneos*]" = "iPhone Developer";
				COPY_PHASE_STRIP = NO;
				DEBUG_INFORMATION_FORMAT = dwarf;
				ENABLE_STRICT_OBJC_MSGSEND = YES;
				ENABLE_TESTABILITY = YES;
				GCC_C_LANGUAGE_STANDARD = gnu99;
				GCC_DYNAMIC_NO_PIC = NO;
				GCC_NO_COMMON_BLOCKS = YES;
				GCC_OPTIMIZATION_LEVEL = 0;
				GCC_PREPROCESSOR_DEFINITIONS = (
					"DEBUG=1",
					"$(inherited)",
				);
				GCC_WARN_64_TO_32_BIT_CONVERSION = YES;
				GCC_WARN_ABOUT_RETURN_TYPE = YES_ERROR;
				GCC_WARN_UNDECLARED_SELECTOR = YES;
				GCC_WARN_UNINITIALIZED_AUTOS = YES_AGGRESSIVE;
				GCC_WARN_UNUSED_FUNCTION = YES;
				GCC_WARN_UNUSED_VARIABLE = YES;
				IPHONEOS_DEPLOYMENT_TARGET = 10.2;
				MTL_ENABLE_DEBUG_INFO = YES;
				ONLY_ACTIVE_ARCH = YES;
				SDKROOT = iphoneos;
			};
			name = Debug;
		};
		4E7AF01C1E5781BD001BAEC9 /* Release */ = {
			isa = XCBuildConfiguration;
			buildSettings = {
				ALWAYS_SEARCH_USER_PATHS = NO;
				CLANG_ANALYZER_NONNULL = YES;
				CLANG_CXX_LANGUAGE_STANDARD = "gnu++0x";
				CLANG_CXX_LIBRARY = "libc++";
				CLANG_ENABLE_MODULES = YES;
				CLANG_ENABLE_OBJC_ARC = YES;
				CLANG_WARN_BOOL_CONVERSION = YES;
				CLANG_WARN_CONSTANT_CONVERSION = YES;
				CLANG_WARN_DIRECT_OBJC_ISA_USAGE = YES_ERROR;
				CLANG_WARN_DOCUMENTATION_COMMENTS = YES;
				CLANG_WARN_EMPTY_BODY = YES;
				CLANG_WARN_ENUM_CONVERSION = YES;
				CLANG_WARN_INFINITE_RECURSION = YES;
				CLANG_WARN_INT_CONVERSION = YES;
				CLANG_WARN_OBJC_ROOT_CLASS = YES_ERROR;
				CLANG_WARN_SUSPICIOUS_MOVE = YES;
				CLANG_WARN_UNREACHABLE_CODE = YES;
				CLANG_WARN__DUPLICATE_METHOD_MATCH = YES;
				"CODE_SIGN_IDENTITY[sdk=iphoneos*]" = "iPhone Developer";
				COPY_PHASE_STRIP = NO;
				DEBUG_INFORMATION_FORMAT = "dwarf-with-dsym";
				ENABLE_NS_ASSERTIONS = NO;
				ENABLE_STRICT_OBJC_MSGSEND = YES;
				GCC_C_LANGUAGE_STANDARD = gnu99;
				GCC_NO_COMMON_BLOCKS = YES;
				GCC_WARN_64_TO_32_BIT_CONVERSION = YES;
				GCC_WARN_ABOUT_RETURN_TYPE = YES_ERROR;
				GCC_WARN_UNDECLARED_SELECTOR = YES;
				GCC_WARN_UNINITIALIZED_AUTOS = YES_AGGRESSIVE;
				GCC_WARN_UNUSED_FUNCTION = YES;
				GCC_WARN_UNUSED_VARIABLE = YES;
				IPHONEOS_DEPLOYMENT_TARGET = 10.2;
				MTL_ENABLE_DEBUG_INFO = NO;
				SDKROOT = iphoneos;
				VALIDATE_PRODUCT = YES;
			};
			name = Release;
		};
		4E7AF01E1E5781BD001BAEC9 /* Debug */ = {
			isa = XCBuildConfiguration;
			baseConfigurationReference = 94EE8C6F138236C6838C4FB8 /* Pods-RC Van.debug.xcconfig */;
			buildSettings = {
				ASSETCATALOG_COMPILER_APPICON_NAME = AppIcon;
				"CODE_SIGN_IDENTITY[sdk=iphoneos*]" = "iPhone Developer";
				DEVELOPMENT_TEAM = B782JQ8NSA;
				INFOPLIST_FILE = "RC Van/Info.plist";
				LD_RUNPATH_SEARCH_PATHS = "$(inherited) @executable_path/Frameworks";
				PRODUCT_BUNDLE_IDENTIFIER = "br.com.cubique.RC-Van";
				PRODUCT_NAME = "$(TARGET_NAME)";
			};
			name = Debug;
		};
		4E7AF01F1E5781BD001BAEC9 /* Release */ = {
			isa = XCBuildConfiguration;
			baseConfigurationReference = F4897D8197A2775F9E17593A /* Pods-RC Van.release.xcconfig */;
			buildSettings = {
				ASSETCATALOG_COMPILER_APPICON_NAME = AppIcon;
				"CODE_SIGN_IDENTITY[sdk=iphoneos*]" = "iPhone Developer";
				DEVELOPMENT_TEAM = B782JQ8NSA;
				INFOPLIST_FILE = "RC Van/Info.plist";
				LD_RUNPATH_SEARCH_PATHS = "$(inherited) @executable_path/Frameworks";
				PRODUCT_BUNDLE_IDENTIFIER = "br.com.cubique.RC-Van";
				PRODUCT_NAME = "$(TARGET_NAME)";
			};
			name = Release;
		};
/* End XCBuildConfiguration section */

/* Begin XCConfigurationList section */
		4E7AF0011E5781BD001BAEC9 /* Build configuration list for PBXProject "RC Van" */ = {
			isa = XCConfigurationList;
			buildConfigurations = (
				4E7AF01B1E5781BD001BAEC9 /* Debug */,
				4E7AF01C1E5781BD001BAEC9 /* Release */,
			);
			defaultConfigurationIsVisible = 0;
			defaultConfigurationName = Release;
		};
		4E7AF01D1E5781BD001BAEC9 /* Build configuration list for PBXNativeTarget "RC Van" */ = {
			isa = XCConfigurationList;
			buildConfigurations = (
				4E7AF01E1E5781BD001BAEC9 /* Debug */,
				4E7AF01F1E5781BD001BAEC9 /* Release */,
			);
			defaultConfigurationIsVisible = 0;
			defaultConfigurationName = Release;
		};
/* End XCConfigurationList section */
	};
	rootObject = 4E7AEFFE1E5781BD001BAEC9 /* Project object */;
}
